// !$*UTF8*$!
{
	archiveVersion = 1;
	classes = {
	};
	objectVersion = 77;
	objects = {

/* Begin PBXBuildFile section */
		03B9F8A9D4C01418AF2D2089 /* SquirlSignals in Frameworks */ = {isa = PBXBuildFile; productRef = 7A34C43D19993F90A188D010 /* SquirlSignals */; };
		12F6E2AFB0B1C71A87B7DB2E /* MLXLLM in Frameworks */ = {isa = PBXBuildFile; productRef = 80B9330881E008D27B87336D /* MLXLLM */; };
		370F53EA2FC3975500504F1C /* WhisperKit in Frameworks */ = {isa = PBXBuildFile; productRef = 370F529D2FC2046C00504F1C /* WhisperKit */; };
		3724CFB42FC9D79A00427F48 /* Tokenizers in Frameworks */ = {isa = PBXBuildFile; productRef = 3724CFB32FC9D79A00427F48 /* Tokenizers */; };
		3724CFB42FC9D79A00427F49 /* Hub in Frameworks */ = {isa = PBXBuildFile; productRef = 3724CFB32FC9D79A00427F49 /* Hub */; };
		652DDCF4BCD7DAFF8AA8E314 /* MLXNN in Frameworks */ = {isa = PBXBuildFile; productRef = BA25EA184963B62F8EC3C136 /* MLXNN */; };
		770F1DF603B78E0B919C9BD8 /* OrderedCollections in Frameworks */ = {isa = PBXBuildFile; productRef = D7BBF6E30C328D9067BB5096 /* OrderedCollections */; };
		7F5E1A2879DF197F7C3B3D09 /* MLX in Frameworks */ = {isa = PBXBuildFile; productRef = 509DE3E423539E63296E355E /* MLX */; };
		89F3B632E312A6FC0EA8D895 /* MLXRandom in Frameworks */ = {isa = PBXBuildFile; productRef = 7FAB8E7F5609EB652B23C655 /* MLXRandom */; };
		91528C3C914425C0946CF89F /* SquirlDesignSystem in Frameworks */ = {isa = PBXBuildFile; productRef = 3F8C35CE4B4793A1A8BAC706 /* SquirlDesignSystem */; };
		99A8DD6F712ED882A9CCCFFA /* SquirlSignals in Frameworks */ = {isa = PBXBuildFile; productRef = AC13466A421DCDB2A4BCB3C5 /* SquirlSignals */; };
		9CFF548080164D58F7E0D35A /* SquirlDesignSystem in Frameworks */ = {isa = PBXBuildFile; productRef = 90059C596F1B493FEBD81C9B /* SquirlDesignSystem */; };
		B7DF53EC6A4F154CC8919A08 /* Yams in Frameworks */ = {isa = PBXBuildFile; productRef = FE88BBE66B5C854E024D2711 /* Yams */; };
		F3839BD74FA7AFBB55B2A810 /* HuggingFace in Frameworks */ = {isa = PBXBuildFile; productRef = EC864C841CD6FADFBDCB6ECA /* HuggingFace */; };
/* End PBXBuildFile section */

/* Begin PBXContainerItemProxy section */
		3724CF8A2FC9292700427F48 /* PBXContainerItemProxy */ = {
			isa = PBXContainerItemProxy;
			containerPortal = 37F17B222FC0CE4F00CAC42E /* Project object */;
			proxyType = 1;
			remoteGlobalIDString = 37F17B292FC0CE4F00CAC42E;
			remoteInfo = "app-four";
		};
/* End PBXContainerItemProxy section */

/* Begin PBXFileReference section */
		3724CF862FC9292700427F48 /* app-fourTests.xctest */ = {isa = PBXFileReference; explicitFileType = wrapper.cfbundle; includeInIndex = 0; path = "app-fourTests.xctest"; sourceTree = BUILT_PRODUCTS_DIR; };
		3754204D3002E661008105B0 /* app-four.xctestplan */ = {isa = PBXFileReference; lastKnownFileType = text; path = "app-four.xctestplan"; sourceTree = "<group>"; };
		37F17B2A2FC0CE4F00CAC42E /* app-four.app */ = {isa = PBXFileReference; explicitFileType = wrapper.application; includeInIndex = 0; path = "app-four.app"; sourceTree = BUILT_PRODUCTS_DIR; };
		3CCD2F9756D1779993777649 /* Foundation.framework */ = {isa = PBXFileReference; lastKnownFileType = wrapper.framework; name = Foundation.framework; path = Platforms/iPhoneOS.platform/Developer/SDKs/iPhoneOS18.0.sdk/System/Library/Frameworks/Foundation.framework; sourceTree = DEVELOPER_DIR; };
/* End PBXFileReference section */

/* Begin PBXFileSystemSynchronizedBuildFileExceptionSet section */
		37D44C192FD1AE0E0023530F /* Exceptions for "app-four" folder in "app-four" target */ = {
			isa = PBXFileSystemSynchronizedBuildFileExceptionSet;
			membershipExceptions = (
				Info.plist,
			);
			target = 37F17B292FC0CE4F00CAC42E /* app-four */;
		};
/* End PBXFileSystemSynchronizedBuildFileExceptionSet section */

/* Begin PBXFileSystemSynchronizedRootGroup section */
		3724CF872FC9292700427F48 /* app-fourTests */ = {
			isa = PBXFileSystemSynchronizedRootGroup;
			exceptions = (
			);
			path = "app-fourTests";
			sourceTree = "<group>";
		};
		37F17B2C2FC0CE4F00CAC42E /* app-four */ = {
			isa = PBXFileSystemSynchronizedRootGroup;
			exceptions = (
				37D44C192FD1AE0E0023530F /* Exceptions for "app-four" folder in "app-four" target */,
			);
			path = "app-four";
			sourceTree = "<group>";
		};
/* End PBXFileSystemSynchronizedRootGroup section */

/* Begin PBXFrameworksBuildPhase section */
		3724CF832FC9292700427F48 /* Frameworks */ = {
			isa = PBXFrameworksBuildPhase;
			buildActionMask = 2147483647;
			files = (
				99A8DD6F712ED882A9CCCFFA /* SquirlSignals in Frameworks */,
				9CFF548080164D58F7E0D35A /* SquirlDesignSystem in Frameworks */,
			);
			runOnlyForDeploymentPostprocessing = 0;
		};
		37F17B272FC0CE4F00CAC42E /* Frameworks */ = {
			isa = PBXFrameworksBuildPhase;
			buildActionMask = 2147483647;
			files = (
				3724CFB42FC9D79A00427F48 /* Tokenizers in Frameworks */,
				3724CFB42FC9D79A00427F49 /* Hub in Frameworks */,
				370F53EA2FC3975500504F1C /* WhisperKit in Frameworks */,
				03B9F8A9D4C01418AF2D2089 /* SquirlSignals in Frameworks */,
				91528C3C914425C0946CF89F /* SquirlDesignSystem in Frameworks */,
				7F5E1A2879DF197F7C3B3D09 /* MLX in Frameworks */,
				652DDCF4BCD7DAFF8AA8E314 /* MLXNN in Frameworks */,
				89F3B632E312A6FC0EA8D895 /* MLXRandom in Frameworks */,
				12F6E2AFB0B1C71A87B7DB2E /* MLXLLM in Frameworks */,
				770F1DF603B78E0B919C9BD8 /* OrderedCollections in Frameworks */,
				F3839BD74FA7AFBB55B2A810 /* HuggingFace in Frameworks */,
				B7DF53EC6A4F154CC8919A08 /* Yams in Frameworks */,
			);
			runOnlyForDeploymentPostprocessing = 0;
		};
/* End PBXFrameworksBuildPhase section */

/* Begin PBXGroup section */
		37F17B212FC0CE4F00CAC42E = {
			isa = PBXGroup;
			children = (
				3754204D3002E661008105B0 /* app-four.xctestplan */,
				37F17B2C2FC0CE4F00CAC42E /* app-four */,
				3724CF872FC9292700427F48 /* app-fourTests */,
				37F17B2B2FC0CE4F00CAC42E /* Products */,
				F15A23EEC3F0FBE0E5C0317D /* Frameworks */,
			);
			sourceTree = "<group>";
		};
		37F17B2B2FC0CE4F00CAC42E /* Products */ = {
			isa = PBXGroup;
			children = (
				37F17B2A2FC0CE4F00CAC42E /* app-four.app */,
				3724CF862FC9292700427F48 /* app-fourTests.xctest */,
			);
			name = Products;
			sourceTree = "<group>";
		};
		D01B8D2A3AA8410335F5C01D /* iOS */ = {
			isa = PBXGroup;
			children = (
				3CCD2F9756D1779993777649 /* Foundation.framework */,
			);
			name = iOS;
			sourceTree = "<group>";
		};
		F15A23EEC3F0FBE0E5C0317D /* Frameworks */ = {
			isa = PBXGroup;
			children = (
				D01B8D2A3AA8410335F5C01D /* iOS */,
			);
			name = Frameworks;
			sourceTree = "<group>";
		};
/* End PBXGroup section */

/* Begin PBXNativeTarget section */
		3724CF852FC9292700427F48 /* app-fourTests */ = {
			isa = PBXNativeTarget;
			buildConfigurationList = 3724CF8E2FC9292700427F48 /* Build configuration list for PBXNativeTarget "app-fourTests" */;
			buildPhases = (
				3724CF822FC9292700427F48 /* Sources */,
				3724CF832FC9292700427F48 /* Frameworks */,
				3724CF842FC9292700427F48 /* Resources */,
			);
			buildRules = (
			);
			dependencies = (
				3724CF8B2FC9292700427F48 /* PBXTargetDependency */,
			);
			fileSystemSynchronizedGroups = (
				3724CF872FC9292700427F48 /* app-fourTests */,
			);
			name = "app-fourTests";
			packageProductDependencies = (
				AC13466A421DCDB2A4BCB3C5 /* SquirlSignals */,
				90059C596F1B493FEBD81C9B /* SquirlDesignSystem */,
			);
			productName = "app-fourTests";
			productReference = 3724CF862FC9292700427F48 /* app-fourTests.xctest */;
			productType = "com.apple.product-type.bundle.unit-test";
		};
		37F17B292FC0CE4F00CAC42E /* app-four */ = {
			isa = PBXNativeTarget;
			buildConfigurationList = 37F17B352FC0CE5200CAC42E /* Build configuration list for PBXNativeTarget "app-four" */;
			buildPhases = (
				37F17B262FC0CE4F00CAC42E /* Sources */,
				37F17B272FC0CE4F00CAC42E /* Frameworks */,
				37F17B282FC0CE4F00CAC42E /* Resources */,
			);
			buildRules = (
			);
			dependencies = (
			);
			fileSystemSynchronizedGroups = (
				37F17B2C2FC0CE4F00CAC42E /* app-four */,
			);
			name = "app-four";
			packageProductDependencies = (
				370F529D2FC2046C00504F1C /* WhisperKit */,
				3724CFB32FC9D79A00427F48 /* Tokenizers */,
				3724CFB32FC9D79A00427F49 /* Hub */,
				7A34C43D19993F90A188D010 /* SquirlSignals */,
				3F8C35CE4B4793A1A8BAC706 /* SquirlDesignSystem */,
				509DE3E423539E63296E355E /* MLX */,
				BA25EA184963B62F8EC3C136 /* MLXNN */,
				7FAB8E7F5609EB652B23C655 /* MLXRandom */,
				80B9330881E008D27B87336D /* MLXLLM */,
				D7BBF6E30C328D9067BB5096 /* OrderedCollections */,
				EC864C841CD6FADFBDCB6ECA /* HuggingFace */,
				FE88BBE66B5C854E024D2711 /* Yams */,
			);
			productName = "app-four";
			productReference = 37F17B2A2FC0CE4F00CAC42E /* app-four.app */;
			productType = "com.apple.product-type.application";
		};
/* End PBXNativeTarget section */

/* Begin PBXProject section */
		37F17B222FC0CE4F00CAC42E /* Project object */ = {
			isa = PBXProject;
			attributes = {
				BuildIndependentTargetsInParallel = 1;
				LastSwiftUpdateCheck = 2650;
				LastUpgradeCheck = 2660;
				TargetAttributes = {
					3724CF852FC9292700427F48 = {
						CreatedOnToolsVersion = 26.5;
						TestTargetID = 37F17B292FC0CE4F00CAC42E;
					};
					37F17B292FC0CE4F00CAC42E = {
						CreatedOnToolsVersion = 26.5;
					};
				};
			};
			buildConfigurationList = 37F17B252FC0CE4F00CAC42E /* Build configuration list for PBXProject "app-four" */;
			developmentRegion = en;
			hasScannedForEncodings = 0;
			knownRegions = (
				en,
				Base,
			);
			mainGroup = 37F17B212FC0CE4F00CAC42E;
			minimizedProjectReferenceProxies = 1;
			packageReferences = (
				370F529C2FC2046C00504F1C /* XCRemoteSwiftPackageReference "WhisperKit" */,
				3724CFB22FC9D3EC00427F48 /* XCRemoteSwiftPackageReference "swift-transformers" */,
				5638591163E5BF5AC46DD98E /* XCRemoteSwiftPackageReference "mlx-swift" */,
				97FE35B9200A6C415121059D /* XCRemoteSwiftPackageReference "mlx-swift-examples" */,
				7010BCE5AEABE02169EAF6BA /* XCRemoteSwiftPackageReference "swift-collections" */,
				EFC80DAF055320FDD8DFD459 /* XCLocalSwiftPackageReference "SquirlSignals" */,
				4EABE850E49282202D027C08 /* XCLocalSwiftPackageReference "SquirlDesignSystem" */,
				383BE6B7D2C1580D95E2904D /* XCRemoteSwiftPackageReference "swift-huggingface" */,
				2D750759AD8C1C25A031DBA3 /* XCRemoteSwiftPackageReference "Yams" */,
			);
			preferredProjectObjectVersion = 77;
			productRefGroup = 37F17B2B2FC0CE4F00CAC42E /* Products */;
			projectDirPath = "";
			projectRoot = "";
			targets = (
				37F17B292FC0CE4F00CAC42E /* app-four */,
				3724CF852FC9292700427F48 /* app-fourTests */,
			);
		};
/* End PBXProject section */

/* Begin PBXResourcesBuildPhase section */
		3724CF842FC9292700427F48 /* Resources */ = {
			isa = PBXResourcesBuildPhase;
			buildActionMask = 2147483647;
			files = (
			);
			runOnlyForDeploymentPostprocessing = 0;
		};
		37F17B282FC0CE4F00CAC42E /* Resources */ = {
			isa = PBXResourcesBuildPhase;
			buildActionMask = 2147483647;
			files = (
			);
			runOnlyForDeploymentPostprocessing = 0;
		};
/* End PBXResourcesBuildPhase section */

/* Begin PBXSourcesBuildPhase section */
		3724CF822FC9292700427F48 /* Sources */ = {
			isa = PBXSourcesBuildPhase;
			buildActionMask = 2147483647;
			files = (
			);
			runOnlyForDeploymentPostprocessing = 0;
		};
		37F17B262FC0CE4F00CAC42E /* Sources */ = {
			isa = PBXSourcesBuildPhase;
			buildActionMask = 2147483647;
			files = (
			);
			runOnlyForDeploymentPostprocessing = 0;
		};
/* End PBXSourcesBuildPhase section */

/* Begin PBXTargetDependency section */
		3724CF8B2FC9292700427F48 /* PBXTargetDependency */ = {
			isa = PBXTargetDependency;
			target = 37F17B292FC0CE4F00CAC42E /* app-four */;
			targetProxy = 3724CF8A2FC9292700427F48 /* PBXContainerItemProxy */;
		};
/* End PBXTargetDependency section */

/* Begin XCBuildConfiguration section */
		3724CF8AFFC9292700427F48 /* Debug-Stable */ = {
			isa = XCBuildConfiguration;
			buildSettings = {
				BUNDLE_LOADER = "$(TEST_HOST)";
				CODE_SIGN_STYLE = Automatic;
				CURRENT_PROJECT_VERSION = 3;
				DEVELOPMENT_TEAM = SWFNK3KULQ;
				GENERATE_INFOPLIST_FILE = YES;
				IPHONEOS_DEPLOYMENT_TARGET = 26.0;
				MARKETING_VERSION = 1.1;
				PRODUCT_BUNDLE_IDENTIFIER = "squirl-app.app-fourTests";
				PRODUCT_NAME = "$(TARGET_NAME)";
				STRING_CATALOG_GENERATE_SYMBOLS = NO;
				SWIFT_APPROACHABLE_CONCURRENCY = YES;
				SWIFT_EMIT_LOC_STRINGS = NO;
				SWIFT_UPCOMING_FEATURE_MEMBER_IMPORT_VISIBILITY = YES;
				SWIFT_VERSION = 5.0;
				TARGETED_DEVICE_FAMILY = 1;
				TEST_HOST = "$(BUILT_PRODUCTS_DIR)/app-four.app/$(BUNDLE_EXECUTABLE_FOLDER_PATH)/app-four";
			};
			name = "Debug-Stable";
		};
		3724CF8BFFC9292700427F48 /* Release-Stable */ = {
			isa = XCBuildConfiguration;
			buildSettings = {
				BUNDLE_LOADER = "$(TEST_HOST)";
				CODE_SIGN_STYLE = Automatic;
				CURRENT_PROJECT_VERSION = 3;
				DEVELOPMENT_TEAM = SWFNK3KULQ;
				GENERATE_INFOPLIST_FILE = YES;
				IPHONEOS_DEPLOYMENT_TARGET = 26.0;
				MARKETING_VERSION = 1.1;
				PRODUCT_BUNDLE_IDENTIFIER = "squirl-app.app-fourTests";
				PRODUCT_NAME = "$(TARGET_NAME)";
				STRING_CATALOG_GENERATE_SYMBOLS = NO;
				SWIFT_APPROACHABLE_CONCURRENCY = YES;
				SWIFT_EMIT_LOC_STRINGS = NO;
				SWIFT_UPCOMING_FEATURE_MEMBER_IMPORT_VISIBILITY = YES;
				SWIFT_VERSION = 5.0;
				TARGETED_DEVICE_FAMILY = 1;
				TEST_HOST = "$(BUILT_PRODUCTS_DIR)/app-four.app/$(BUNDLE_EXECUTABLE_FOLDER_PATH)/app-four";
			};
			name = "Release-Stable";
		};
		3724CF8C2FC9292700427F48 /* Debug */ = {
			isa = XCBuildConfiguration;
			buildSettings = {
				BUNDLE_LOADER = "$(TEST_HOST)";
				CODE_SIGN_STYLE = Automatic;
				CURRENT_PROJECT_VERSION = 3;
				DEVELOPMENT_TEAM = SWFNK3KULQ;
				GENERATE_INFOPLIST_FILE = YES;
				IPHONEOS_DEPLOYMENT_TARGET = 26.0;
				MARKETING_VERSION = 1.1;
				PRODUCT_BUNDLE_IDENTIFIER = "squirl-app.app-fourTests";
				PRODUCT_NAME = "$(TARGET_NAME)";
				STRING_CATALOG_GENERATE_SYMBOLS = NO;
				SWIFT_APPROACHABLE_CONCURRENCY = YES;
				SWIFT_EMIT_LOC_STRINGS = NO;
				SWIFT_UPCOMING_FEATURE_MEMBER_IMPORT_VISIBILITY = YES;
				SWIFT_VERSION = 5.0;
				TARGETED_DEVICE_FAMILY = 1;
				TEST_HOST = "$(BUILT_PRODUCTS_DIR)/app-four.app/$(BUNDLE_EXECUTABLE_FOLDER_PATH)/app-four";
			};
			name = Debug;
		};
		3724CF8D2FC9292700427F48 /* Release */ = {
			isa = XCBuildConfiguration;
			buildSettings = {
				BUNDLE_LOADER = "$(TEST_HOST)";
				CODE_SIGN_STYLE = Automatic;
				CURRENT_PROJECT_VERSION = 3;
				DEVELOPMENT_TEAM = SWFNK3KULQ;
				GENERATE_INFOPLIST_FILE = YES;
				IPHONEOS_DEPLOYMENT_TARGET = 26.0;
				MARKETING_VERSION = 1.1;
				PRODUCT_BUNDLE_IDENTIFIER = "squirl-app.app-fourTests";
				PRODUCT_NAME = "$(TARGET_NAME)";
				STRING_CATALOG_GENERATE_SYMBOLS = NO;
				SWIFT_APPROACHABLE_CONCURRENCY = YES;
				SWIFT_EMIT_LOC_STRINGS = NO;
				SWIFT_UPCOMING_FEATURE_MEMBER_IMPORT_VISIBILITY = YES;
				SWIFT_VERSION = 5.0;
				TARGETED_DEVICE_FAMILY = 1;
				TEST_HOST = "$(BUILT_PRODUCTS_DIR)/app-four.app/$(BUNDLE_EXECUTABLE_FOLDER_PATH)/app-four";
			};
			name = Release;
		};
		37F17B332FC0CE5200CAC42E /* Debug */ = {
			isa = XCBuildConfiguration;
			buildSettings = {
				ALWAYS_SEARCH_USER_PATHS = NO;
				ASSETCATALOG_COMPILER_GENERATE_SWIFT_ASSET_SYMBOL_EXTENSIONS = YES;
				CLANG_ANALYZER_NONNULL = YES;
				CLANG_ANALYZER_NUMBER_OBJECT_CONVERSION = YES_AGGRESSIVE;
				CLANG_CXX_LANGUAGE_STANDARD = "gnu++20";
				CLANG_ENABLE_MODULES = YES;
				CLANG_ENABLE_OBJC_ARC = YES;
				CLANG_ENABLE_OBJC_WEAK = YES;
				CLANG_WARN_BLOCK_CAPTURE_AUTORELEASING = YES;
				CLANG_WARN_BOOL_CONVERSION = YES;
				CLANG_WARN_COMMA = YES;
				CLANG_WARN_CONSTANT_CONVERSION = YES;
				CLANG_WARN_DEPRECATED_OBJC_IMPLEMENTATIONS = YES;
				CLANG_WARN_DIRECT_OBJC_ISA_USAGE = YES_ERROR;
				CLANG_WARN_DOCUMENTATION_COMMENTS = YES;
				CLANG_WARN_EMPTY_BODY = YES;
				CLANG_WARN_ENUM_CONVERSION = YES;
				CLANG_WARN_INFINITE_RECURSION = YES;
				CLANG_WARN_INT_CONVERSION = YES;
				CLANG_WARN_NON_LITERAL_NULL_CONVERSION = YES;
				CLANG_WARN_OBJC_IMPLICIT_RETAIN_SELF = YES;
				CLANG_WARN_OBJC_LITERAL_CONVERSION = YES;
				CLANG_WARN_OBJC_ROOT_CLASS = YES_ERROR;
				CLANG_WARN_QUOTED_INCLUDE_IN_FRAMEWORK_HEADER = YES;
				CLANG_WARN_RANGE_LOOP_ANALYSIS = YES;
				CLANG_WARN_STRICT_PROTOTYPES = YES;
				CLANG_WARN_SUSPICIOUS_MOVE = YES;
				CLANG_WARN_UNGUARDED_AVAILABILITY = YES_AGGRESSIVE;
				CLANG_WARN_UNREACHABLE_CODE = YES;
				CLANG_WARN__DUPLICATE_METHOD_MATCH = YES;
				COPY_PHASE_STRIP = NO;
				DEBUG_INFORMATION_FORMAT = dwarf;
				DEVELOPMENT_TEAM = SWFNK3KULQ;
				ENABLE_STRICT_OBJC_MSGSEND = YES;
				ENABLE_TESTABILITY = YES;
				ENABLE_USER_SCRIPT_SANDBOXING = YES;
				GCC_C_LANGUAGE_STANDARD = gnu17;
				GCC_DYNAMIC_NO_PIC = NO;
				GCC_NO_COMMON_BLOCKS = YES;
				GCC_OPTIMIZATION_LEVEL = 0;
				GCC_PREPROCESSOR_DEFINITIONS = (
					"DEBUG=1",
					"$(inherited)",
				);
				GCC_WARN_64_TO_32_BIT_CONVERSION = YES;
				GCC_WARN_ABOUT_RETURN_TYPE = YES_ERROR;
				GCC_WARN_UNDECLARED_SELECTOR = YES;
				GCC_WARN_UNINITIALIZED_AUTOS = YES_AGGRESSIVE;
				GCC_WARN_UNUSED_FUNCTION = YES;
				GCC_WARN_UNUSED_VARIABLE = YES;
				IPHONEOS_DEPLOYMENT_TARGET = 26.0;
				LOCALIZATION_PREFERS_STRING_CATALOGS = YES;
				MTL_ENABLE_DEBUG_INFO = INCLUDE_SOURCE;
				MTL_FAST_MATH = YES;
				ONLY_ACTIVE_ARCH = YES;
				SDKROOT = iphoneos;
				STRING_CATALOG_GENERATE_SYMBOLS = YES;
				SWIFT_ACTIVE_COMPILATION_CONDITIONS = "DEBUG $(inherited)";
				SWIFT_OPTIMIZATION_LEVEL = "-Onone";
			};
			name = Debug;
		};
		37F17B342FC0CE5200CAC42E /* Release */ = {
			isa = XCBuildConfiguration;
			buildSettings = {
				ALWAYS_SEARCH_USER_PATHS = NO;
				ASSETCATALOG_COMPILER_GENERATE_SWIFT_ASSET_SYMBOL_EXTENSIONS = YES;
				CLANG_ANALYZER_NONNULL = YES;
				CLANG_ANALYZER_NUMBER_OBJECT_CONVERSION = YES_AGGRESSIVE;
				CLANG_CXX_LANGUAGE_STANDARD = "gnu++20";
				CLANG_ENABLE_MODULES = YES;
				CLANG_ENABLE_OBJC_ARC = YES;
				CLANG_ENABLE_OBJC_WEAK = YES;
				CLANG_WARN_BLOCK_CAPTURE_AUTORELEASING = YES;
				CLANG_WARN_BOOL_CONVERSION = YES;
				CLANG_WARN_COMMA = YES;
				CLANG_WARN_CONSTANT_CONVERSION = YES;
				CLANG_WARN_DEPRECATED_OBJC_IMPLEMENTATIONS = YES;
				CLANG_WARN_DIRECT_OBJC_ISA_USAGE = YES_ERROR;
				CLANG_WARN_DOCUMENTATION_COMMENTS = YES;
				CLANG_WARN_EMPTY_BODY = YES;
				CLANG_WARN_ENUM_CONVERSION = YES;
				CLANG_WARN_INFINITE_RECURSION = YES;
				CLANG_WARN_INT_CONVERSION = YES;
				CLANG_WARN_NON_LITERAL_NULL_CONVERSION = YES;
				CLANG_WARN_OBJC_IMPLICIT_RETAIN_SELF = YES;
				CLANG_WARN_OBJC_LITERAL_CONVERSION = YES;
				CLANG_WARN_OBJC_ROOT_CLASS = YES_ERROR;
				CLANG_WARN_QUOTED_INCLUDE_IN_FRAMEWORK_HEADER = YES;
				CLANG_WARN_RANGE_LOOP_ANALYSIS = YES;
				CLANG_WARN_STRICT_PROTOTYPES = YES;
				CLANG_WARN_SUSPICIOUS_MOVE = YES;
				CLANG_WARN_UNGUARDED_AVAILABILITY = YES_AGGRESSIVE;
				CLANG_WARN_UNREACHABLE_CODE = YES;
				CLANG_WARN__DUPLICATE_METHOD_MATCH = YES;
				COPY_PHASE_STRIP = NO;
				DEBUG_INFORMATION_FORMAT = "dwarf-with-dsym";
				DEVELOPMENT_TEAM = SWFNK3KULQ;
				ENABLE_NS_ASSERTIONS = NO;
				ENABLE_STRICT_OBJC_MSGSEND = YES;
				ENABLE_USER_SCRIPT_SANDBOXING = YES;
				GCC_C_LANGUAGE_STANDARD = gnu17;
				GCC_NO_COMMON_BLOCKS = YES;
				GCC_WARN_64_TO_32_BIT_CONVERSION = YES;
				GCC_WARN_ABOUT_RETURN_TYPE = YES_ERROR;
				GCC_WARN_UNDECLARED_SELECTOR = YES;
				GCC_WARN_UNINITIALIZED_AUTOS = YES_AGGRESSIVE;
				GCC_WARN_UNUSED_FUNCTION = YES;
				GCC_WARN_UNUSED_VARIABLE = YES;
				IPHONEOS_DEPLOYMENT_TARGET = 26.0;
				LOCALIZATION_PREFERS_STRING_CATALOGS = YES;
				MTL_ENABLE_DEBUG_INFO = NO;
				MTL_FAST_MATH = YES;
				SDKROOT = iphoneos;
				STRING_CATALOG_GENERATE_SYMBOLS = YES;
				SWIFT_ACTIVE_COMPILATION_CONDITIONS = "$(inherited)";
				SWIFT_COMPILATION_MODE = wholemodule;
				VALIDATE_PRODUCT = YES;
			};
			name = Release;
		};
		37F17B362FC0CE5200CAC42E /* Debug */ = {
			isa = XCBuildConfiguration;
			buildSettings = {
				ASSETCATALOG_COMPILER_APPICON_NAME = AppIcon;
				ASSETCATALOG_COMPILER_GLOBAL_ACCENT_COLOR_NAME = AccentColor;
				CODE_SIGN_STYLE = Automatic;
				CURRENT_PROJECT_VERSION = 3;
				DEVELOPMENT_TEAM = SWFNK3KULQ;
				ENABLE_PREVIEWS = YES;
				GENERATE_INFOPLIST_FILE = YES;
				INFOPLIST_FILE = "app-four/Info.plist";
				INFOPLIST_KEY_CFBundleDisplayName = Squirl;
				INFOPLIST_KEY_CFBundleURLTypes = "{\"CFBundleTypeRole\"=>\"Editor\", \"CFBundleURLName\"=>\"com.rythmapp.whispernotes\", \"CFBundleURLSchemes\"=>[\"whispernotes\"]}";
				INFOPLIST_KEY_LSApplicationCategoryType = "public.app-category.productivity";
				INFOPLIST_KEY_NSMicrophoneUsageDescription = "Squirl needs microphone access to record audio for transcription.";
				INFOPLIST_KEY_NSSpeechRecognitionUsageDescription = "Squirl uses speech recognition to transcribe your recordings on your device.";
				INFOPLIST_KEY_UIApplicationSceneManifest_Generation = YES;
				INFOPLIST_KEY_UIApplicationSupportsIndirectInputEvents = YES;
				INFOPLIST_KEY_UILaunchScreen_Generation = YES;
				INFOPLIST_KEY_UISupportedInterfaceOrientations_iPad = "UIInterfaceOrientationPortrait UIInterfaceOrientationPortraitUpsideDown UIInterfaceOrientationLandscapeLeft UIInterfaceOrientationLandscapeRight";
				INFOPLIST_KEY_UISupportedInterfaceOrientations_iPhone = "UIInterfaceOrientationPortrait UIInterfaceOrientationLandscapeLeft UIInterfaceOrientationLandscapeRight";
				LD_RUNPATH_SEARCH_PATHS = (
					"$(inherited)",
					"@executable_path/Frameworks",
				);
				MARKETING_VERSION = 1.1;
				PRODUCT_BUNDLE_IDENTIFIER = "squirl-app.app-four";
				PRODUCT_NAME = "$(TARGET_NAME)";
				STRING_CATALOG_GENERATE_SYMBOLS = YES;
				SWIFT_APPROACHABLE_CONCURRENCY = YES;
				SWIFT_DEFAULT_ACTOR_ISOLATION = MainActor;
				SWIFT_EMIT_LOC_STRINGS = YES;
				SWIFT_UPCOMING_FEATURE_MEMBER_IMPORT_VISIBILITY = YES;
				SWIFT_VERSION = 5.0;
				TARGETED_DEVICE_FAMILY = 1;
			};
			name = Debug;
		};
		37F17B372FC0CE5200CAC42E /* Release */ = {
			isa = XCBuildConfiguration;
			buildSettings = {
				ASSETCATALOG_COMPILER_APPICON_NAME = AppIcon;
				ASSETCATALOG_COMPILER_GLOBAL_ACCENT_COLOR_NAME = AccentColor;
				CODE_SIGN_STYLE = Automatic;
				CURRENT_PROJECT_VERSION = 3;
				DEVELOPMENT_TEAM = SWFNK3KULQ;
				ENABLE_PREVIEWS = YES;
				GENERATE_INFOPLIST_FILE = YES;
				INFOPLIST_FILE = "app-four/Info.plist";
				INFOPLIST_KEY_CFBundleDisplayName = Squirl;
				INFOPLIST_KEY_CFBundleURLTypes = "{\"CFBundleTypeRole\"=>\"Editor\", \"CFBundleURLName\"=>\"com.rythmapp.whispernotes\", \"CFBundleURLSchemes\"=>[\"whispernotes\"]}";
				INFOPLIST_KEY_LSApplicationCategoryType = "public.app-category.productivity";
				INFOPLIST_KEY_NSMicrophoneUsageDescription = "Squirl needs microphone access to record audio for transcription.";
				INFOPLIST_KEY_NSSpeechRecognitionUsageDescription = "Squirl uses speech recognition to transcribe your recordings on your device.";
				INFOPLIST_KEY_UIApplicationSceneManifest_Generation = YES;
				INFOPLIST_KEY_UIApplicationSupportsIndirectInputEvents = YES;
				INFOPLIST_KEY_UILaunchScreen_Generation = YES;
				INFOPLIST_KEY_UISupportedInterfaceOrientations_iPad = "UIInterfaceOrientationPortrait UIInterfaceOrientationPortraitUpsideDown UIInterfaceOrientationLandscapeLeft UIInterfaceOrientationLandscapeRight";
				INFOPLIST_KEY_UISupportedInterfaceOrientations_iPhone = "UIInterfaceOrientationPortrait UIInterfaceOrientationLandscapeLeft UIInterfaceOrientationLandscapeRight";
				LD_RUNPATH_SEARCH_PATHS = (
					"$(inherited)",
					"@executable_path/Frameworks",
				);
				MARKETING_VERSION = 1.1;
				PRODUCT_BUNDLE_IDENTIFIER = "squirl-app.app-four";
				PRODUCT_NAME = "$(TARGET_NAME)";
				STRING_CATALOG_GENERATE_SYMBOLS = YES;
				SWIFT_APPROACHABLE_CONCURRENCY = YES;
				SWIFT_DEFAULT_ACTOR_ISOLATION = MainActor;
				SWIFT_EMIT_LOC_STRINGS = YES;
				SWIFT_UPCOMING_FEATURE_MEMBER_IMPORT_VISIBILITY = YES;
				SWIFT_VERSION = 5.0;
				TARGETED_DEVICE_FAMILY = 1;
			};
			name = Release;
		};
		37F17B3AFFC0CE5200CAC42E /* Debug-Stable */ = {
			isa = XCBuildConfiguration;
			buildSettings = {
				ALWAYS_SEARCH_USER_PATHS = NO;
				ASSETCATALOG_COMPILER_GENERATE_SWIFT_ASSET_SYMBOL_EXTENSIONS = YES;
				CLANG_ANALYZER_NONNULL = YES;
				CLANG_ANALYZER_NUMBER_OBJECT_CONVERSION = YES_AGGRESSIVE;
				CLANG_CXX_LANGUAGE_STANDARD = "gnu++20";
				CLANG_ENABLE_MODULES = YES;
				CLANG_ENABLE_OBJC_ARC = YES;
				CLANG_ENABLE_OBJC_WEAK = YES;
				CLANG_WARN_BLOCK_CAPTURE_AUTORELEASING = YES;
				CLANG_WARN_BOOL_CONVERSION = YES;
				CLANG_WARN_COMMA = YES;
				CLANG_WARN_CONSTANT_CONVERSION = YES;
				CLANG_WARN_DEPRECATED_OBJC_IMPLEMENTATIONS = YES;
				CLANG_WARN_DIRECT_OBJC_ISA_USAGE = YES_ERROR;
				CLANG_WARN_DOCUMENTATION_COMMENTS = YES;
				CLANG_WARN_EMPTY_BODY = YES;
				CLANG_WARN_ENUM_CONVERSION = YES;
				CLANG_WARN_INFINITE_RECURSION = YES;
				CLANG_WARN_INT_CONVERSION = YES;
				CLANG_WARN_NON_LITERAL_NULL_CONVERSION = YES;
				CLANG_WARN_OBJC_IMPLICIT_RETAIN_SELF = YES;
				CLANG_WARN_OBJC_LITERAL_CONVERSION = YES;
				CLANG_WARN_OBJC_ROOT_CLASS = YES_ERROR;
				CLANG_WARN_QUOTED_INCLUDE_IN_FRAMEWORK_HEADER = YES;
				CLANG_WARN_RANGE_LOOP_ANALYSIS = YES;
				CLANG_WARN_STRICT_PROTOTYPES = YES;
				CLANG_WARN_SUSPICIOUS_MOVE = YES;
				CLANG_WARN_UNGUARDED_AVAILABILITY = YES_AGGRESSIVE;
				CLANG_WARN_UNREACHABLE_CODE = YES;
				CLANG_WARN__DUPLICATE_METHOD_MATCH = YES;
				COPY_PHASE_STRIP = NO;
				DEBUG_INFORMATION_FORMAT = dwarf;
				DEVELOPMENT_TEAM = SWFNK3KULQ;
				ENABLE_STRICT_OBJC_MSGSEND = YES;
				ENABLE_TESTABILITY = YES;
				ENABLE_USER_SCRIPT_SANDBOXING = YES;
				GCC_C_LANGUAGE_STANDARD = gnu17;
				GCC_DYNAMIC_NO_PIC = NO;
				GCC_NO_COMMON_BLOCKS = YES;
				GCC_OPTIMIZATION_LEVEL = 0;
				GCC_PREPROCESSOR_DEFINITIONS = (
					"DEBUG=1",
					"$(inherited)",
				);
				GCC_WARN_64_TO_32_BIT_CONVERSION = YES;
				GCC_WARN_ABOUT_RETURN_TYPE = YES_ERROR;
				GCC_WARN_UNDECLARED_SELECTOR = YES;
				GCC_WARN_UNINITIALIZED_AUTOS = YES_AGGRESSIVE;
				GCC_WARN_UNUSED_FUNCTION = YES;
				GCC_WARN_UNUSED_VARIABLE = YES;
				IPHONEOS_DEPLOYMENT_TARGET = 26.0;
				LOCALIZATION_PREFERS_STRING_CATALOGS = YES;
				MTL_ENABLE_DEBUG_INFO = INCLUDE_SOURCE;
				MTL_FAST_MATH = YES;
				ONLY_ACTIVE_ARCH = YES;
				SDKROOT = iphoneos;
				STRING_CATALOG_GENERATE_SYMBOLS = YES;
				SWIFT_ACTIVE_COMPILATION_CONDITIONS = "DEBUG $(inherited)";
				SWIFT_OPTIMIZATION_LEVEL = "-Onone";
			};
			name = "Debug-Stable";
		};
		37F17B3BFFC0CE5200CAC42E /* Release-Stable */ = {
			isa = XCBuildConfiguration;
			buildSettings = {
				ALWAYS_SEARCH_USER_PATHS = NO;
				ASSETCATALOG_COMPILER_GENERATE_SWIFT_ASSET_SYMBOL_EXTENSIONS = YES;
				CLANG_ANALYZER_NONNULL = YES;
				CLANG_ANALYZER_NUMBER_OBJECT_CONVERSION = YES_AGGRESSIVE;
				CLANG_CXX_LANGUAGE_STANDARD = "gnu++20";
				CLANG_ENABLE_MODULES = YES;
				CLANG_ENABLE_OBJC_ARC = YES;
				CLANG_ENABLE_OBJC_WEAK = YES;
				CLANG_WARN_BLOCK_CAPTURE_AUTORELEASING = YES;
				CLANG_WARN_BOOL_CONVERSION = YES;
				CLANG_WARN_COMMA = YES;
				CLANG_WARN_CONSTANT_CONVERSION = YES;
				CLANG_WARN_DEPRECATED_OBJC_IMPLEMENTATIONS = YES;
				CLANG_WARN_DIRECT_OBJC_ISA_USAGE = YES_ERROR;
				CLANG_WARN_DOCUMENTATION_COMMENTS = YES;
				CLANG_WARN_EMPTY_BODY = YES;
				CLANG_WARN_ENUM_CONVERSION = YES;
				CLANG_WARN_INFINITE_RECURSION = YES;
				CLANG_WARN_INT_CONVERSION = YES;
				CLANG_WARN_NON_LITERAL_NULL_CONVERSION = YES;
				CLANG_WARN_OBJC_IMPLICIT_RETAIN_SELF = YES;
				CLANG_WARN_OBJC_LITERAL_CONVERSION = YES;
				CLANG_WARN_OBJC_ROOT_CLASS = YES_ERROR;
				CLANG_WARN_QUOTED_INCLUDE_IN_FRAMEWORK_HEADER = YES;
				CLANG_WARN_RANGE_LOOP_ANALYSIS = YES;
				CLANG_WARN_STRICT_PROTOTYPES = YES;
				CLANG_WARN_SUSPICIOUS_MOVE = YES;
				CLANG_WARN_UNGUARDED_AVAILABILITY = YES_AGGRESSIVE;
				CLANG_WARN_UNREACHABLE_CODE = YES;
				CLANG_WARN__DUPLICATE_METHOD_MATCH = YES;
				COPY_PHASE_STRIP = NO;
				DEBUG_INFORMATION_FORMAT = "dwarf-with-dsym";
				DEVELOPMENT_TEAM = SWFNK3KULQ;
				ENABLE_NS_ASSERTIONS = NO;
				ENABLE_STRICT_OBJC_MSGSEND = YES;
				ENABLE_USER_SCRIPT_SANDBOXING = YES;
				GCC_C_LANGUAGE_STANDARD = gnu17;
				GCC_NO_COMMON_BLOCKS = YES;
				GCC_WARN_64_TO_32_BIT_CONVERSION = YES;
				GCC_WARN_ABOUT_RETURN_TYPE = YES_ERROR;
				GCC_WARN_UNDECLARED_SELECTOR = YES;
				GCC_WARN_UNINITIALIZED_AUTOS = YES_AGGRESSIVE;
				GCC_WARN_UNUSED_FUNCTION = YES;
				GCC_WARN_UNUSED_VARIABLE = YES;
				IPHONEOS_DEPLOYMENT_TARGET = 26.0;
				LOCALIZATION_PREFERS_STRING_CATALOGS = YES;
				MTL_ENABLE_DEBUG_INFO = NO;
				MTL_FAST_MATH = YES;
				SDKROOT = iphoneos;
				STRING_CATALOG_GENERATE_SYMBOLS = YES;
				SWIFT_ACTIVE_COMPILATION_CONDITIONS = "$(inherited)";
				SWIFT_COMPILATION_MODE = wholemodule;
				VALIDATE_PRODUCT = YES;
			};
			name = "Release-Stable";
		};
		37F17B3CFFC0CE5200CAC42E /* Debug-Stable */ = {
			isa = XCBuildConfiguration;
			buildSettings = {
				ASSETCATALOG_COMPILER_APPICON_NAME = "AppIcon-Stable";
				ASSETCATALOG_COMPILER_GLOBAL_ACCENT_COLOR_NAME = AccentColor;
				CODE_SIGN_STYLE = Automatic;
				CURRENT_PROJECT_VERSION = 3;
				DEVELOPMENT_TEAM = SWFNK3KULQ;
				ENABLE_PREVIEWS = YES;
				GENERATE_INFOPLIST_FILE = YES;
				INFOPLIST_FILE = "app-four/Info.plist";
				INFOPLIST_KEY_CFBundleDisplayName = "Squirl Stable";
				INFOPLIST_KEY_CFBundleURLTypes = "{\"CFBundleTypeRole\"=>\"Editor\", \"CFBundleURLName\"=>\"com.rythmapp.whispernotes\", \"CFBundleURLSchemes\"=>[\"whispernotes\"]}";
				INFOPLIST_KEY_LSApplicationCategoryType = "public.app-category.productivity";
				INFOPLIST_KEY_NSMicrophoneUsageDescription = "Squirl needs microphone access to record audio for transcription.";
				INFOPLIST_KEY_NSSpeechRecognitionUsageDescription = "Squirl uses speech recognition to transcribe your recordings on your device.";
				INFOPLIST_KEY_UIApplicationSceneManifest_Generation = YES;
				INFOPLIST_KEY_UIApplicationSupportsIndirectInputEvents = YES;
				INFOPLIST_KEY_UILaunchScreen_Generation = YES;
				INFOPLIST_KEY_UISupportedInterfaceOrientations_iPad = "UIInterfaceOrientationPortrait UIInterfaceOrientationPortraitUpsideDown UIInterfaceOrientationLandscapeLeft UIInterfaceOrientationLandscapeRight";
				INFOPLIST_KEY_UISupportedInterfaceOrientations_iPhone = "UIInterfaceOrientationPortrait UIInterfaceOrientationLandscapeLeft UIInterfaceOrientationLandscapeRight";
				LD_RUNPATH_SEARCH_PATHS = (
					"$(inherited)",
					"@executable_path/Frameworks",
				);
				MARKETING_VERSION = 1.1;
				PRODUCT_BUNDLE_IDENTIFIER = "squirl-app.app-four.stable";
				PRODUCT_NAME = "$(TARGET_NAME)";
				STRING_CATALOG_GENERATE_SYMBOLS = YES;
				SWIFT_APPROACHABLE_CONCURRENCY = YES;
				SWIFT_DEFAULT_ACTOR_ISOLATION = MainActor;
				SWIFT_EMIT_LOC_STRINGS = YES;
				SWIFT_UPCOMING_FEATURE_MEMBER_IMPORT_VISIBILITY = YES;
				SWIFT_VERSION = 5.0;
				TARGETED_DEVICE_FAMILY = 1;
			};
			name = "Debug-Stable";
		};
		37F17B3DFFC0CE5200CAC42E /* Release-Stable */ = {
			isa = XCBuildConfiguration;
			buildSettings = {
				ASSETCATALOG_COMPILER_APPICON_NAME = "AppIcon-Stable";
				ASSETCATALOG_COMPILER_GLOBAL_ACCENT_COLOR_NAME = AccentColor;
				CODE_SIGN_STYLE = Automatic;
				CURRENT_PROJECT_VERSION = 3;
				DEVELOPMENT_TEAM = SWFNK3KULQ;
				ENABLE_PREVIEWS = YES;
				GENERATE_INFOPLIST_FILE = YES;
				INFOPLIST_FILE = "app-four/Info.plist";
				INFOPLIST_KEY_CFBundleDisplayName = "Squirl Stable";
				INFOPLIST_KEY_CFBundleURLTypes = "{\"CFBundleTypeRole\"=>\"Editor\", \"CFBundleURLName\"=>\"com.rythmapp.whispernotes\", \"CFBundleURLSchemes\"=>[\"whispernotes\"]}";
				INFOPLIST_KEY_LSApplicationCategoryType = "public.app-category.productivity";
				INFOPLIST_KEY_NSMicrophoneUsageDescription = "Squirl needs microphone access to record audio for transcription.";
				INFOPLIST_KEY_NSSpeechRecognitionUsageDescription = "Squirl uses speech recognition to transcribe your recordings on your device.";
				INFOPLIST_KEY_UIApplicationSceneManifest_Generation = YES;
				INFOPLIST_KEY_UIApplicationSupportsIndirectInputEvents = YES;
				INFOPLIST_KEY_UILaunchScreen_Generation = YES;
				INFOPLIST_KEY_UISupportedInterfaceOrientations_iPad = "UIInterfaceOrientationPortrait UIInterfaceOrientationPortraitUpsideDown UIInterfaceOrientationLandscapeLeft UIInterfaceOrientationLandscapeRight";
				INFOPLIST_KEY_UISupportedInterfaceOrientations_iPhone = "UIInterfaceOrientationPortrait UIInterfaceOrientationLandscapeLeft UIInterfaceOrientationLandscapeRight";
				LD_RUNPATH_SEARCH_PATHS = (
					"$(inherited)",
					"@executable_path/Frameworks",
				);
				MARKETING_VERSION = 1.1;
				PRODUCT_BUNDLE_IDENTIFIER = "squirl-app.app-four.stable";
				PRODUCT_NAME = "$(TARGET_NAME)";
				STRING_CATALOG_GENERATE_SYMBOLS = YES;
				SWIFT_APPROACHABLE_CONCURRENCY = YES;
				SWIFT_DEFAULT_ACTOR_ISOLATION = MainActor;
				SWIFT_EMIT_LOC_STRINGS = YES;
				SWIFT_UPCOMING_FEATURE_MEMBER_IMPORT_VISIBILITY = YES;
				SWIFT_VERSION = 5.0;
				TARGETED_DEVICE_FAMILY = 1;
			};
			name = "Release-Stable";
		};
/* End XCBuildConfiguration section */

/* Begin XCConfigurationList section */
		3724CF8E2FC9292700427F48 /* Build configuration list for PBXNativeTarget "app-fourTests" */ = {
			isa = XCConfigurationList;
			buildConfigurations = (
				3724CF8C2FC9292700427F48 /* Debug */,
				3724CF8D2FC9292700427F48 /* Release */,
				3724CF8AFFC9292700427F48 /* Debug-Stable */,
				3724CF8BFFC9292700427F48 /* Release-Stable */,
			);
			defaultConfigurationIsVisible = 0;
			defaultConfigurationName = Release;
		};
		37F17B252FC0CE4F00CAC42E /* Build configuration list for PBXProject "app-four" */ = {
			isa = XCConfigurationList;
			buildConfigurations = (
				37F17B332FC0CE5200CAC42E /* Debug */,
				37F17B342FC0CE5200CAC42E /* Release */,
				37F17B3AFFC0CE5200CAC42E /* Debug-Stable */,
				37F17B3BFFC0CE5200CAC42E /* Release-Stable */,
			);
			defaultConfigurationIsVisible = 0;
			defaultConfigurationName = Release;
		};
		37F17B352FC0CE5200CAC42E /* Build configuration list for PBXNativeTarget "app-four" */ = {
			isa = XCConfigurationList;
			buildConfigurations = (
				37F17B362FC0CE5200CAC42E /* Debug */,
				37F17B372FC0CE5200CAC42E /* Release */,
				37F17B3CFFC0CE5200CAC42E /* Debug-Stable */,
				37F17B3DFFC0CE5200CAC42E /* Release-Stable */,
			);
			defaultConfigurationIsVisible = 0;
			defaultConfigurationName = Release;
		};
/* End XCConfigurationList section */

/* Begin XCLocalSwiftPackageReference section */
		4EABE850E49282202D027C08 /* XCLocalSwiftPackageReference "SquirlDesignSystem" */ = {
			isa = XCLocalSwiftPackageReference;
			relativePath = Packages/SquirlDesignSystem;
		};
		EFC80DAF055320FDD8DFD459 /* XCLocalSwiftPackageReference "SquirlSignals" */ = {
			isa = XCLocalSwiftPackageReference;
			relativePath = Packages/SquirlSignals;
		};
/* End XCLocalSwiftPackageReference section */

/* Begin XCRemoteSwiftPackageReference section */
		2D750759AD8C1C25A031DBA3 /* XCRemoteSwiftPackageReference "Yams" */ = {
			isa = XCRemoteSwiftPackageReference;
			repositoryURL = "https://github.com/jpsim/Yams.git";
			requirement = {
				kind = upToNextMajorVersion;
				minimumVersion = 5.0.0;
			};
		};
		370F529C2FC2046C00504F1C /* XCRemoteSwiftPackageReference "WhisperKit" */ = {
			isa = XCRemoteSwiftPackageReference;
			repositoryURL = "https://github.com/argmaxinc/WhisperKit.git";
			requirement = {
				kind = upToNextMajorVersion;
				minimumVersion = 1.0.0;
			};
		};
		3724CFB22FC9D3EC00427F48 /* XCRemoteSwiftPackageReference "swift-transformers" */ = {
			isa = XCRemoteSwiftPackageReference;
			repositoryURL = "https://github.com/huggingface/swift-transformers";
			requirement = {
				kind = upToNextMajorVersion;
				minimumVersion = 1.3.3;
			};
		};
		383BE6B7D2C1580D95E2904D /* XCRemoteSwiftPackageReference "swift-huggingface" */ = {
			isa = XCRemoteSwiftPackageReference;
			repositoryURL = "https://github.com/huggingface/swift-huggingface.git";
			requirement = {
				kind = upToNextMajorVersion;
				minimumVersion = 0.9.0;
			};
		};
		5638591163E5BF5AC46DD98E /* XCRemoteSwiftPackageReference "mlx-swift" */ = {
			isa = XCRemoteSwiftPackageReference;
			repositoryURL = "https://github.com/ml-explore/mlx-swift";
			requirement = {
				kind = upToNextMajorVersion;
				minimumVersion = 0.29.1;
			};
		};
		7010BCE5AEABE02169EAF6BA /* XCRemoteSwiftPackageReference "swift-collections" */ = {
			isa = XCRemoteSwiftPackageReference;
			repositoryURL = "https://github.com/apple/swift-collections.git";
			requirement = {
				kind = upToNextMajorVersion;
				minimumVersion = 1.5.1;
			};
		};
		97FE35B9200A6C415121059D /* XCRemoteSwiftPackageReference "mlx-swift-examples" */ = {
			isa = XCRemoteSwiftPackageReference;
			repositoryURL = "file:///Users/caesargrey/Projects/app-four-llama/Packages/mlx-swift-examples";
			requirement = {
				kind = upToNextMajorVersion;
				minimumVersion = 2.29.2;
			};
		};
/* End XCRemoteSwiftPackageReference section */

/* Begin XCSwiftPackageProductDependency section */
		370F529D2FC2046C00504F1C /* WhisperKit */ = {
			isa = XCSwiftPackageProductDependency;
			package = 370F529C2FC2046C00504F1C /* XCRemoteSwiftPackageReference "WhisperKit" */;
			productName = WhisperKit;
		};
		3724CFB32FC9D79A00427F48 /* Tokenizers */ = {
			isa = XCSwiftPackageProductDependency;
			package = 3724CFB22FC9D3EC00427F48 /* XCRemoteSwiftPackageReference "swift-transformers" */;
			productName = Tokenizers;
		};
		3724CFB32FC9D79A00427F49 /* Hub */ = {
			isa = XCSwiftPackageProductDependency;
			package = 3724CFB22FC9D3EC00427F48 /* XCRemoteSwiftPackageReference "swift-transformers" */;
			productName = Hub;
		};
		3F8C35CE4B4793A1A8BAC706 /* SquirlDesignSystem */ = {
			isa = XCSwiftPackageProductDependency;
			productName = SquirlDesignSystem;
		};
		509DE3E423539E63296E355E /* MLX */ = {
			isa = XCSwiftPackageProductDependency;
			package = 5638591163E5BF5AC46DD98E /* XCRemoteSwiftPackageReference "mlx-swift" */;
			productName = MLX;
		};
		7A34C43D19993F90A188D010 /* SquirlSignals */ = {
			isa = XCSwiftPackageProductDependency;
			productName = SquirlSignals;
		};
		7FAB8E7F5609EB652B23C655 /* MLXRandom */ = {
			isa = XCSwiftPackageProductDependency;
			package = 5638591163E5BF5AC46DD98E /* XCRemoteSwiftPackageReference "mlx-swift" */;
			productName = MLXRandom;
		};
		80B9330881E008D27B87336D /* MLXLLM */ = {
			isa = XCSwiftPackageProductDependency;
			package = 97FE35B9200A6C415121059D /* XCRemoteSwiftPackageReference "mlx-swift-examples" */;
			productName = MLXLLM;
		};
		90059C596F1B493FEBD81C9B /* SquirlDesignSystem */ = {
			isa = XCSwiftPackageProductDependency;
			productName = SquirlDesignSystem;
		};
		AC13466A421DCDB2A4BCB3C5 /* SquirlSignals */ = {
			isa = XCSwiftPackageProductDependency;
			productName = SquirlSignals;
		};
		BA25EA184963B62F8EC3C136 /* MLXNN */ = {
			isa = XCSwiftPackageProductDependency;
			package = 5638591163E5BF5AC46DD98E /* XCRemoteSwiftPackageReference "mlx-swift" */;
			productName = MLXNN;
		};
		D7BBF6E30C328D9067BB5096 /* OrderedCollections */ = {
			isa = XCSwiftPackageProductDependency;
			package = 7010BCE5AEABE02169EAF6BA /* XCRemoteSwiftPackageReference "swift-collections" */;
			productName = OrderedCollections;
		};
		EC864C841CD6FADFBDCB6ECA /* HuggingFace */ = {
			isa = XCSwiftPackageProductDependency;
			package = 383BE6B7D2C1580D95E2904D /* XCRemoteSwiftPackageReference "swift-huggingface" */;
			productName = HuggingFace;
		};
		FE88BBE66B5C854E024D2711 /* Yams */ = {
			isa = XCSwiftPackageProductDependency;
			package = 2D750759AD8C1C25A031DBA3 /* XCRemoteSwiftPackageReference "Yams" */;
			productName = Yams;
		};
/* End XCSwiftPackageProductDependency section */
	};
	rootObject = 37F17B222FC0CE4F00CAC42E /* Project object */;
}
